
Microsoft Visual Studio Solution File, Format Version 12.00
# Visual Studio 15
VisualStudioVersion = 15.0.27428.2043
MinimumVisualStudioVersion = 10.0.40219.1
Project("{FAE04EC0-301F-11D3-BF4B-00C04F79EFBC}") = "MyMaster", "MyMaster\MyMaster.csproj", "{490B0FED-4FEA-4A45-B8DE-1DDC9745A428}"
EndProject
Global
	GlobalSection(SolutionConfigurationPlatforms) = preSolution
		Debug|Any CPU = Debug|Any CPU
		Release|Any CPU = Release|Any CPU
	EndGlobalSection
	GlobalSection(ProjectConfigurationPlatforms) = postSolution
		{490B0FED-4FEA-4A45-B8DE-1DDC9745A428}.Debug|Any CPU.ActiveCfg = Debug|Any CPU
		{490B0FED-4FEA-4A45-B8DE-1DDC9745A428}.Debug|Any CPU.Build.0 = Debug|Any CPU
		{490B0FED-4FEA-4A45-B8DE-1DDC9745A428}.Release|Any CPU.ActiveCfg = Release|Any CPU
		{490B0FED-4FEA-4A45-B8DE-1DDC9745A428}.Release|Any CPU.Build.0 = Release|Any CPU
	EndGlobalSection
	GlobalSection(SolutionProperties) = preSolution
		HideSolutionNode = FALSE
	EndGlobalSection
	GlobalSection(ExtensibilityGlobals) = postSolution
		SolutionGuid = {D8A0B536-EE31-4FB6-A219-48608F34BB7E}
	EndGlobalSection
EndGlobal
